<?xml version="1.0" encoding="utf-8"?>
<Project ToolsVersion="4.0" xmlns="http://schemas.microsoft.com/developer/msbuild/2003">
  <ItemGroup>
    <Filter Include="源文件">
      <UniqueIdentifier>{4FC737F1-C7A5-4376-A066-2A32D752A2FF}</UniqueIdentifier>
      <Extensions>cpp;c;cc;cxx;c++;cppm;ixx;def;odl;idl;hpj;bat;asm;asmx</Extensions>
    </Filter>
    <Filter Include="头文件">
      <UniqueIdentifier>{93995380-89BD-4b04-88EB-625FBE52EBFB}</UniqueIdentifier>
      <Extensions>h;hh;hpp;hxx;h++;hm;inl;inc;ipp;xsd</Extensions>
    </Filter>
    <Filter Include="资源文件">
      <UniqueIdentifier>{67DA6AB6-F800-4c08-8B7A-83BB121AAD01}</UniqueIdentifier>
      <Extensions>rc;ico;cur;bmp;dlg;rc2;rct;bin;rgs;gif;jpg;jpeg;jpe;resx;tiff;tif;png;wav;mfcribbon-ms</Extensions>
    </Filter>
  </ItemGroup>
  <ItemGroup>
    <ClInclude Include="src\App.h">
      <Filter>头文件</Filter>
    </ClInclude>
    <ClInclude Include="src\AppLayer.h">
      <Filter>头文件</Filter>
    </ClInclude>
    <ClInclude Include="src\OpenGLImp\CoreBase\TriangleImp.h">
      <Filter>头文件</Filter>
    </ClInclude>
    <ClInclude Include="src\OpenGLImp\CoreBase\InitImp.h">
      <Filter>头文件</Filter>
    </ClInclude>
    <ClInclude Include="src\OpenGLImp\CoreBase\TextureImp.h">
      <Filter>头文件</Filter>
    </ClInclude>
    <ClInclude Include="src\MApch.h">
      <Filter>头文件</Filter>
    </ClInclude>
    <ClInclude Include="src\OpenGLImp\CoreBase\TransformImp.h">
      <Filter>头文件</Filter>
    </ClInclude>
    <ClInclude Include="src\OpenGLImp\CoreBase\PerspectiveImp.h">
      <Filter>头文件</Filter>
    </ClInclude>
    <ClInclude Include="src\OpenGLImp\CoreBase\CameraControllImp.h">
      <Filter>头文件</Filter>
    </ClInclude>
    <ClInclude Include="src\OpenGLImp\CoreBase\ModelLoadImp.h">
      <Filter>头文件</Filter>
    </ClInclude>
    <ClInclude Include="src\OpenGLImp\BasicLight\PhoneImp.h">
      <Filter>头文件</Filter>
    </ClInclude>
  </ItemGroup>
  <ItemGroup>
    <ClCompile Include="src\App.cpp">
      <Filter>源文件</Filter>
    </ClCompile>
    <ClCompile Include="src\AppLayer.cpp">
      <Filter>源文件</Filter>
    </ClCompile>
    <ClCompile Include="src\OpenGLImp\CoreBase\TriangleImp.cpp">
      <Filter>源文件</Filter>
    </ClCompile>
    <ClCompile Include="src\OpenGLImp\CoreBase\InitImp.cpp">
      <Filter>源文件</Filter>
    </ClCompile>
    <ClCompile Include="src\OpenGLImp\CoreBase\TextureImp.cpp">
      <Filter>源文件</Filter>
    </ClCompile>
    <ClCompile Include="src\MApch.cpp">
      <Filter>源文件</Filter>
    </ClCompile>
    <ClCompile Include="src\OpenGLImp\CoreBase\TransformImp.cpp">
      <Filter>源文件</Filter>
    </ClCompile>
    <ClCompile Include="src\OpenGLImp\CoreBase\PerspectiveImp.cpp">
      <Filter>源文件</Filter>
    </ClCompile>
    <ClCompile Include="src\OpenGLImp\CoreBase\CameraControllImp.cpp">
      <Filter>源文件</Filter>
    </ClCompile>
    <ClCompile Include="src\OpenGLImp\CoreBase\ModelLoadImp.cpp">
      <Filter>源文件</Filter>
    </ClCompile>
    <ClCompile Include="src\OpenGLImp\BasicLight\PhoneImp.cpp">
      <Filter>源文件</Filter>
    </ClCompile>
  </ItemGroup>
  <ItemGroup>
    <Text Include="resource\shaders\TextureImp_F.txt">
      <Filter>资源文件</Filter>
    </Text>
    <Text Include="resource\shaders\TextureImp_V.txt">
      <Filter>资源文件</Filter>
    </Text>
    <Text Include="resource\shaders\TriangleImp_F.txt">
      <Filter>资源文件</Filter>
    </Text>
    <Text Include="resource\shaders\TriangleImp_V.txt">
      <Filter>资源文件</Filter>
    </Text>
    <Text Include="resource\shaders\TransformImp_V.txt" />
    <Text Include="resource\Shaders\TransformImp_F.txt" />
    <Text Include="resource\shaders\PerspectiveImp_F.txt" />
    <Text Include="resource\shaders\PerspectiveImp_V.txt" />
    <Text Include="resource\shaders\CameraControllImp_V.txt" />
    <Text Include="resource\shaders\CameraControllImp_F.txt" />
    <Text Include="resource\shaders\ModelLoadImp_V.txt" />
    <Text Include="resource\shaders\ModelLoadImp_F.txt" />
    <Text Include="resource\shaders\PhoneImp_V.txt" />
    <Text Include="resource\shaders\PhoneImp_F.txt" />
    <Text Include="resource\shaders\PhoneImp_Light_V.txt" />
    <Text Include="resource\shaders\PhoneImp_Light_F.txt" />
  </ItemGroup>
  <ItemGroup>
    <Image Include="resource\images\haruluya.jpg">
      <Filter>资源文件</Filter>
    </Image>
    <Image Include="resource\images\HuangGuan.png">
      <Filter>资源文件</Filter>
    </Image>
    <Image Include="resource\images\wrong.png">
      <Filter>资源文件</Filter>
    </Image>
    <Image Include="resource\images\wrong1.png">
      <Filter>资源文件</Filter>
    </Image>
    <Image Include="resource\images\haruluya_bd.jpg">
      <Filter>资源文件</Filter>
    </Image>
  </ItemGroup>
</Project>